
Microsoft Visual Studio Solution File, Format Version 12.00
# Visual Studio Version 17
VisualStudioVersion = 17.9.34723.18
MinimumVisualStudioVersion = 10.0.40219.1
Project("{9A19103F-16F7-4668-BE54-9A1E7A4F7556}") = "Talabat.API", "Talabat.API\Talabat.API.csproj", "{0A3A5242-DFE8-4274-A604-38E51827F0F7}"
EndProject
Project("{9A19103F-16F7-4668-BE54-9A1E7A4F7556}") = "Regions", "Regions\Regions.csproj", "{F73E291B-B710-4076-A273-9848E5FE620E}"
EndProject
Project("{FAE04EC0-301F-11D3-BF4B-00C04F79EFBC}") = "Talabat.Core", "Talabat.Core\Talabat.Core.csproj", "{7CF3F6FC-3416-4CFD-8454-B944C6B894AA}"
EndProject
Project("{FAE04EC0-301F-11D3-BF4B-00C04F79EFBC}") = "Talabat.Repository", "Talabat.Repository\Talabat.Repository.csproj", "{5EC8677B-7925-4C19-BCB1-EC8331873D1A}"
EndProject
Project("{FAE04EC0-301F-11D3-BF4B-00C04F79EFBC}") = "Talabat.Service", "Talabat.Service\Talabat.Service.csproj", "{B87EB2AF-ADD3-4BA2-AC6C-AAC79E3C9C4F}"
EndProject
Global
	GlobalSection(SolutionConfigurationPlatforms) = preSolution
		Debug|Any CPU = Debug|Any CPU
		Release|Any CPU = Release|Any CPU
	EndGlobalSection
	GlobalSection(ProjectConfigurationPlatforms) = postSolution
		{0A3A5242-DFE8-4274-A604-38E51827F0F7}.Debug|Any CPU.ActiveCfg = Debug|Any CPU
		{0A3A5242-DFE8-4274-A604-38E51827F0F7}.Debug|Any CPU.Build.0 = Debug|Any CPU
		{0A3A5242-DFE8-4274-A604-38E51827F0F7}.Release|Any CPU.ActiveCfg = Release|Any CPU
		{0A3A5242-DFE8-4274-A604-38E51827F0F7}.Release|Any CPU.Build.0 = Release|Any CPU
		{F73E291B-B710-4076-A273-9848E5FE620E}.Debug|Any CPU.ActiveCfg = Debug|Any CPU
		{F73E291B-B710-4076-A273-9848E5FE620E}.Debug|Any CPU.Build.0 = Debug|Any CPU
		{F73E291B-B710-4076-A273-9848E5FE620E}.Release|Any CPU.ActiveCfg = Release|Any CPU
		{F73E291B-B710-4076-A273-9848E5FE620E}.Release|Any CPU.Build.0 = Release|Any CPU
		{7CF3F6FC-3416-4CFD-8454-B944C6B894AA}.Debug|Any CPU.ActiveCfg = Debug|Any CPU
		{7CF3F6FC-3416-4CFD-8454-B944C6B894AA}.Debug|Any CPU.Build.0 = Debug|Any CPU
		{7CF3F6FC-3416-4CFD-8454-B944C6B894AA}.Release|Any CPU.ActiveCfg = Release|Any CPU
		{7CF3F6FC-3416-4CFD-8454-B944C6B894AA}.Release|Any CPU.Build.0 = Release|Any CPU
		{5EC8677B-7925-4C19-BCB1-EC8331873D1A}.Debug|Any CPU.ActiveCfg = Debug|Any CPU
		{5EC8677B-7925-4C19-BCB1-EC8331873D1A}.Debug|Any CPU.Build.0 = Debug|Any CPU
		{5EC8677B-7925-4C19-BCB1-EC8331873D1A}.Release|Any CPU.ActiveCfg = Release|Any CPU
		{5EC8677B-7925-4C19-BCB1-EC8331873D1A}.Release|Any CPU.Build.0 = Release|Any CPU
		{B87EB2AF-ADD3-4BA2-AC6C-AAC79E3C9C4F}.Debug|Any CPU.ActiveCfg = Debug|Any CPU
		{B87EB2AF-ADD3-4BA2-AC6C-AAC79E3C9C4F}.Debug|Any CPU.Build.0 = Debug|Any CPU
		{B87EB2AF-ADD3-4BA2-AC6C-AAC79E3C9C4F}.Release|Any CPU.ActiveCfg = Release|Any CPU
		{B87EB2AF-ADD3-4BA2-AC6C-AAC79E3C9C4F}.Release|Any CPU.Build.0 = Release|Any CPU
	EndGlobalSection
	GlobalSection(SolutionProperties) = preSolution
		HideSolutionNode = FALSE
	EndGlobalSection
	GlobalSection(ExtensibilityGlobals) = postSolution
		SolutionGuid = {138E9A87-4966-4FED-BC73-52F6E860B209}
	EndGlobalSection
EndGlobal
