
Microsoft Visual Studio Solution File, Format Version 12.00
# Visual Studio Version 17
VisualStudioVersion = 17.9.34723.18
MinimumVisualStudioVersion = 10.0.40219.1
Project("{FAE04EC0-301F-11D3-BF4B-00C04F79EFBC}") = "Advanced  C# - Session 1", "Advanced  C# - Session 1\Advanced  C# - Session 1.csproj", "{0432B8DF-8695-49A1-BB68-722CE02AE729}"
EndProject
Global
	GlobalSection(SolutionConfigurationPlatforms) = preSolution
		Debug|Any CPU = Debug|Any CPU
		Release|Any CPU = Release|Any CPU
	EndGlobalSection
	GlobalSection(ProjectConfigurationPlatforms) = postSolution
		{0432B8DF-8695-49A1-BB68-722CE02AE729}.Debug|Any CPU.ActiveCfg = Debug|Any CPU
		{0432B8DF-8695-49A1-BB68-722CE02AE729}.Debug|Any CPU.Build.0 = Debug|Any CPU
		{0432B8DF-8695-49A1-BB68-722CE02AE729}.Release|Any CPU.ActiveCfg = Release|Any CPU
		{0432B8DF-8695-49A1-BB68-722CE02AE729}.Release|Any CPU.Build.0 = Release|Any CPU
	EndGlobalSection
	GlobalSection(SolutionProperties) = preSolution
		HideSolutionNode = FALSE
	EndGlobalSection
	GlobalSection(ExtensibilityGlobals) = postSolution
		SolutionGuid = {1535FEAF-E4D0-41EB-938A-7DF84EE26CBD}
	EndGlobalSection
EndGlobal
