
Microsoft Visual Studio Solution File, Format Version 12.00
# Visual Studio Version 17
VisualStudioVersion = 17.9.34723.18
MinimumVisualStudioVersion = 10.0.40219.1
Project("{FAE04EC0-301F-11D3-BF4B-00C04F79EFBC}") = "Session 2", "Session 2\Session 2.csproj", "{F2CCA2DF-C952-4CB3-87D1-27BE48895690}"
EndProject
Global
	GlobalSection(SolutionConfigurationPlatforms) = preSolution
		Debug|Any CPU = Debug|Any CPU
		Release|Any CPU = Release|Any CPU
	EndGlobalSection
	GlobalSection(ProjectConfigurationPlatforms) = postSolution
		{F2CCA2DF-C952-4CB3-87D1-27BE48895690}.Debug|Any CPU.ActiveCfg = Debug|Any CPU
		{F2CCA2DF-C952-4CB3-87D1-27BE48895690}.Debug|Any CPU.Build.0 = Debug|Any CPU
		{F2CCA2DF-C952-4CB3-87D1-27BE48895690}.Release|Any CPU.ActiveCfg = Release|Any CPU
		{F2CCA2DF-C952-4CB3-87D1-27BE48895690}.Release|Any CPU.Build.0 = Release|Any CPU
	EndGlobalSection
	GlobalSection(SolutionProperties) = preSolution
		HideSolutionNode = FALSE
	EndGlobalSection
	GlobalSection(ExtensibilityGlobals) = postSolution
		SolutionGuid = {2146117A-20FC-4817-A26C-6894950A3D67}
	EndGlobalSection
EndGlobal
